
Microsoft Visual Studio Solution File, Format Version 12.00
# Visual Studio Version 17
VisualStudioVersion = 17.0.31903.59
MinimumVisualStudioVersion = 10.0.40219.1
Project("{2150E333-8FDC-42A3-9474-1A3956D46DE8}") = "src", "src", "{45DCFAC9-ACFD-4999-ACD5-6E9500C02FBD}"
EndProject
Project("{FAE04EC0-301F-11D3-BF4B-00C04F79EFBC}") = "ApiCatalogo", "src\ApiCatalogo\ApiCatalogo.csproj", "{0A3426D1-136E-4003-90F5-14F563159B47}"
EndProject
Project("{FAE04EC0-301F-11D3-BF4B-00C04F79EFBC}") = "ApiCatalogoxUnitTests", "ApiCatalogoxUnitTests\ApiCatalogoxUnitTests.csproj", "{40B87C27-2FFC-4118-992C-38F240144261}"
EndProject
Project("{FAE04EC0-301F-11D3-BF4B-00C04F79EFBC}") = "CatalogoMvc", "CatalogoMvc\CatalogoMvc.csproj", "{7C7617F0-A3DD-45B0-916B-2B3B9A7C32FF}"
EndProject
Global
	GlobalSection(SolutionConfigurationPlatforms) = preSolution
		Debug|Any CPU = Debug|Any CPU
		Debug|x64 = Debug|x64
		Debug|x86 = Debug|x86
		Release|Any CPU = Release|Any CPU
		Release|x64 = Release|x64
		Release|x86 = Release|x86
	EndGlobalSection
	GlobalSection(ProjectConfigurationPlatforms) = postSolution
		{0A3426D1-136E-4003-90F5-14F563159B47}.Debug|Any CPU.ActiveCfg = Debug|Any CPU
		{0A3426D1-136E-4003-90F5-14F563159B47}.Debug|Any CPU.Build.0 = Debug|Any CPU
		{0A3426D1-136E-4003-90F5-14F563159B47}.Debug|x64.ActiveCfg = Debug|Any CPU
		{0A3426D1-136E-4003-90F5-14F563159B47}.Debug|x64.Build.0 = Debug|Any CPU
		{0A3426D1-136E-4003-90F5-14F563159B47}.Debug|x86.ActiveCfg = Debug|Any CPU
		{0A3426D1-136E-4003-90F5-14F563159B47}.Debug|x86.Build.0 = Debug|Any CPU
		{0A3426D1-136E-4003-90F5-14F563159B47}.Release|Any CPU.ActiveCfg = Release|Any CPU
		{0A3426D1-136E-4003-90F5-14F563159B47}.Release|Any CPU.Build.0 = Release|Any CPU
		{0A3426D1-136E-4003-90F5-14F563159B47}.Release|x64.ActiveCfg = Release|Any CPU
		{0A3426D1-136E-4003-90F5-14F563159B47}.Release|x64.Build.0 = Release|Any CPU
		{0A3426D1-136E-4003-90F5-14F563159B47}.Release|x86.ActiveCfg = Release|Any CPU
		{0A3426D1-136E-4003-90F5-14F563159B47}.Release|x86.Build.0 = Release|Any CPU
		{40B87C27-2FFC-4118-992C-38F240144261}.Debug|Any CPU.ActiveCfg = Debug|Any CPU
		{40B87C27-2FFC-4118-992C-38F240144261}.Debug|Any CPU.Build.0 = Debug|Any CPU
		{40B87C27-2FFC-4118-992C-38F240144261}.Debug|x64.ActiveCfg = Debug|Any CPU
		{40B87C27-2FFC-4118-992C-38F240144261}.Debug|x64.Build.0 = Debug|Any CPU
		{40B87C27-2FFC-4118-992C-38F240144261}.Debug|x86.ActiveCfg = Debug|Any CPU
		{40B87C27-2FFC-4118-992C-38F240144261}.Debug|x86.Build.0 = Debug|Any CPU
		{40B87C27-2FFC-4118-992C-38F240144261}.Release|Any CPU.ActiveCfg = Release|Any CPU
		{40B87C27-2FFC-4118-992C-38F240144261}.Release|Any CPU.Build.0 = Release|Any CPU
		{40B87C27-2FFC-4118-992C-38F240144261}.Release|x64.ActiveCfg = Release|Any CPU
		{40B87C27-2FFC-4118-992C-38F240144261}.Release|x64.Build.0 = Release|Any CPU
		{40B87C27-2FFC-4118-992C-38F240144261}.Release|x86.ActiveCfg = Release|Any CPU
		{40B87C27-2FFC-4118-992C-38F240144261}.Release|x86.Build.0 = Release|Any CPU
		{7C7617F0-A3DD-45B0-916B-2B3B9A7C32FF}.Debug|Any CPU.ActiveCfg = Debug|Any CPU
		{7C7617F0-A3DD-45B0-916B-2B3B9A7C32FF}.Debug|Any CPU.Build.0 = Debug|Any CPU
		{7C7617F0-A3DD-45B0-916B-2B3B9A7C32FF}.Debug|x64.ActiveCfg = Debug|Any CPU
		{7C7617F0-A3DD-45B0-916B-2B3B9A7C32FF}.Debug|x64.Build.0 = Debug|Any CPU
		{7C7617F0-A3DD-45B0-916B-2B3B9A7C32FF}.Debug|x86.ActiveCfg = Debug|Any CPU
		{7C7617F0-A3DD-45B0-916B-2B3B9A7C32FF}.Debug|x86.Build.0 = Debug|Any CPU
		{7C7617F0-A3DD-45B0-916B-2B3B9A7C32FF}.Release|Any CPU.ActiveCfg = Release|Any CPU
		{7C7617F0-A3DD-45B0-916B-2B3B9A7C32FF}.Release|Any CPU.Build.0 = Release|Any CPU
		{7C7617F0-A3DD-45B0-916B-2B3B9A7C32FF}.Release|x64.ActiveCfg = Release|Any CPU
		{7C7617F0-A3DD-45B0-916B-2B3B9A7C32FF}.Release|x64.Build.0 = Release|Any CPU
		{7C7617F0-A3DD-45B0-916B-2B3B9A7C32FF}.Release|x86.ActiveCfg = Release|Any CPU
		{7C7617F0-A3DD-45B0-916B-2B3B9A7C32FF}.Release|x86.Build.0 = Release|Any CPU
	EndGlobalSection
	GlobalSection(SolutionProperties) = preSolution
		HideSolutionNode = FALSE
	EndGlobalSection
	GlobalSection(NestedProjects) = preSolution
		{0A3426D1-136E-4003-90F5-14F563159B47} = {45DCFAC9-ACFD-4999-ACD5-6E9500C02FBD}
	EndGlobalSection
EndGlobal
